
Microsoft Visual Studio Solution File, Format Version 12.00
# Visual Studio 15
VisualStudioVersion = 15.0.26730.15
MinimumVisualStudioVersion = 10.0.40219.1
Project("{2150E333-8FDC-42A3-9474-1A3956D46DE8}") = "tests", "tests", "{71775C2D-FB7B-4AFB-B622-B92871855BE9}"
EndProject
Project("{FAE04EC0-301F-11D3-BF4B-00C04F79EFBC}") = "Jbta.Indexing.IntegrationTests", "tests\Jbta.Indexer.IntegrationTests\Jbta.Indexing.IntegrationTests.csproj", "{845CAB52-8AE8-415E-B124-0A4D6B2882F4}"
EndProject
Project("{FAE04EC0-301F-11D3-BF4B-00C04F79EFBC}") = "Jbta.Indexing.UnitTests", "tests\Jbta.Indexer.UnitTests\Jbta.Indexing.UnitTests.csproj", "{A4A661F3-FCAE-45BC-952C-5A4230B88E69}"
EndProject
Project("{FAE04EC0-301F-11D3-BF4B-00C04F79EFBC}") = "Jbta.Indexing", "Jbta.Indexer\Jbta.Indexing.csproj", "{C41C9DC7-6C2D-4625-8F23-A0EA54DD512F}"
EndProject
Global
	GlobalSection(SolutionConfigurationPlatforms) = preSolution
		Debug|Any CPU = Debug|Any CPU
		Release|Any CPU = Release|Any CPU
	EndGlobalSection
	GlobalSection(ProjectConfigurationPlatforms) = postSolution
		{845CAB52-8AE8-415E-B124-0A4D6B2882F4}.Debug|Any CPU.ActiveCfg = Debug|Any CPU
		{845CAB52-8AE8-415E-B124-0A4D6B2882F4}.Debug|Any CPU.Build.0 = Debug|Any CPU
		{845CAB52-8AE8-415E-B124-0A4D6B2882F4}.Release|Any CPU.ActiveCfg = Release|Any CPU
		{845CAB52-8AE8-415E-B124-0A4D6B2882F4}.Release|Any CPU.Build.0 = Release|Any CPU
		{A4A661F3-FCAE-45BC-952C-5A4230B88E69}.Debug|Any CPU.ActiveCfg = Debug|Any CPU
		{A4A661F3-FCAE-45BC-952C-5A4230B88E69}.Debug|Any CPU.Build.0 = Debug|Any CPU
		{A4A661F3-FCAE-45BC-952C-5A4230B88E69}.Release|Any CPU.ActiveCfg = Release|Any CPU
		{A4A661F3-FCAE-45BC-952C-5A4230B88E69}.Release|Any CPU.Build.0 = Release|Any CPU
		{C41C9DC7-6C2D-4625-8F23-A0EA54DD512F}.Debug|Any CPU.ActiveCfg = Debug|Any CPU
		{C41C9DC7-6C2D-4625-8F23-A0EA54DD512F}.Debug|Any CPU.Build.0 = Debug|Any CPU
		{C41C9DC7-6C2D-4625-8F23-A0EA54DD512F}.Release|Any CPU.ActiveCfg = Release|Any CPU
		{C41C9DC7-6C2D-4625-8F23-A0EA54DD512F}.Release|Any CPU.Build.0 = Release|Any CPU
	EndGlobalSection
	GlobalSection(SolutionProperties) = preSolution
		HideSolutionNode = FALSE
	EndGlobalSection
	GlobalSection(NestedProjects) = preSolution
		{845CAB52-8AE8-415E-B124-0A4D6B2882F4} = {71775C2D-FB7B-4AFB-B622-B92871855BE9}
		{A4A661F3-FCAE-45BC-952C-5A4230B88E69} = {71775C2D-FB7B-4AFB-B622-B92871855BE9}
	EndGlobalSection
	GlobalSection(ExtensibilityGlobals) = postSolution
		SolutionGuid = {4636D8F6-6BE5-48B9-8598-6CF98B9BF9EF}
	EndGlobalSection
EndGlobal
